// !$*UTF8*$!
{
	archiveVersion = 1;
	classes = {
	};
	objectVersion = 56;
	objects = {

/* Begin PBXBuildFile section */
		116D87482B5CAEBD006CB8C3 /* FirebaseAnalytics in Frameworks */ = {isa = PBXBuildFile; productRef = 116D87472B5CAEBD006CB8C3 /* FirebaseAnalytics */; };
		116D874A2B5CAEBD006CB8C3 /* FirebaseAnalyticsOnDeviceConversion in Frameworks */ = {isa = PBXBuildFile; productRef = 116D87492B5CAEBD006CB8C3 /* FirebaseAnalyticsOnDeviceConversion */; };
		116D874C2B5CAEBD006CB8C3 /* FirebaseAnalyticsSwift in Frameworks */ = {isa = PBXBuildFile; productRef = 116D874B2B5CAEBD006CB8C3 /* FirebaseAnalyticsSwift */; };
		116D874E2B5CAEBD006CB8C3 /* FirebaseAnalyticsWithoutAdIdSupport in Frameworks */ = {isa = PBXBuildFile; productRef = 116D874D2B5CAEBD006CB8C3 /* FirebaseAnalyticsWithoutAdIdSupport */; };
		116D87502B5CAEBD006CB8C3 /* FirebaseAppCheck in Frameworks */ = {isa = PBXBuildFile; productRef = 116D874F2B5CAEBD006CB8C3 /* FirebaseAppCheck */; };
		116D87522B5CAEBD006CB8C3 /* FirebaseAppDistribution-Beta in Frameworks */ = {isa = PBXBuildFile; productRef = 116D87512B5CAEBD006CB8C3 /* FirebaseAppDistribution-Beta */; };
		116D87542B5CAEBD006CB8C3 /* FirebaseAuth in Frameworks */ = {isa = PBXBuildFile; productRef = 116D87532B5CAEBD006CB8C3 /* FirebaseAuth */; };
		116D87562B5CAEBD006CB8C3 /* FirebaseAuthCombine-Community in Frameworks */ = {isa = PBXBuildFile; productRef = 116D87552B5CAEBD006CB8C3 /* FirebaseAuthCombine-Community */; };
		116D87582B5CAEBD006CB8C3 /* FirebaseCrashlytics in Frameworks */ = {isa = PBXBuildFile; productRef = 116D87572B5CAEBD006CB8C3 /* FirebaseCrashlytics */; };
		116D875A2B5CAEBD006CB8C3 /* FirebaseDatabase in Frameworks */ = {isa = PBXBuildFile; productRef = 116D87592B5CAEBD006CB8C3 /* FirebaseDatabase */; };
		116D875C2B5CAEBD006CB8C3 /* FirebaseDatabaseSwift in Frameworks */ = {isa = PBXBuildFile; productRef = 116D875B2B5CAEBD006CB8C3 /* FirebaseDatabaseSwift */; };
		116D875E2B5CAEBD006CB8C3 /* FirebaseDynamicLinks in Frameworks */ = {isa = PBXBuildFile; productRef = 116D875D2B5CAEBD006CB8C3 /* FirebaseDynamicLinks */; };
		116D87602B5CAEBD006CB8C3 /* FirebaseFirestore in Frameworks */ = {isa = PBXBuildFile; productRef = 116D875F2B5CAEBD006CB8C3 /* FirebaseFirestore */; };
		116D87622B5CAEBD006CB8C3 /* FirebaseFirestoreCombine-Community in Frameworks */ = {isa = PBXBuildFile; productRef = 116D87612B5CAEBD006CB8C3 /* FirebaseFirestoreCombine-Community */; };
		116D87642B5CAEBD006CB8C3 /* FirebaseFirestoreSwift in Frameworks */ = {isa = PBXBuildFile; productRef = 116D87632B5CAEBD006CB8C3 /* FirebaseFirestoreSwift */; };
		116D87662B5CAEBD006CB8C3 /* FirebaseFunctions in Frameworks */ = {isa = PBXBuildFile; productRef = 116D87652B5CAEBD006CB8C3 /* FirebaseFunctions */; };
		116D87682B5CAEBD006CB8C3 /* FirebaseFunctionsCombine-Community in Frameworks */ = {isa = PBXBuildFile; productRef = 116D87672B5CAEBD006CB8C3 /* FirebaseFunctionsCombine-Community */; };
		116D876A2B5CAEBD006CB8C3 /* FirebaseInAppMessaging-Beta in Frameworks */ = {isa = PBXBuildFile; productRef = 116D87692B5CAEBD006CB8C3 /* FirebaseInAppMessaging-Beta */; };
		116D876C2B5CAEBD006CB8C3 /* FirebaseInAppMessagingSwift-Beta in Frameworks */ = {isa = PBXBuildFile; productRef = 116D876B2B5CAEBD006CB8C3 /* FirebaseInAppMessagingSwift-Beta */; };
		116D876E2B5CAEBD006CB8C3 /* FirebaseInstallations in Frameworks */ = {isa = PBXBuildFile; productRef = 116D876D2B5CAEBD006CB8C3 /* FirebaseInstallations */; };
		116D87702B5CAEBD006CB8C3 /* FirebaseMLModelDownloader in Frameworks */ = {isa = PBXBuildFile; productRef = 116D876F2B5CAEBD006CB8C3 /* FirebaseMLModelDownloader */; };
		116D87722B5CAEBD006CB8C3 /* FirebaseMessaging in Frameworks */ = {isa = PBXBuildFile; productRef = 116D87712B5CAEBD006CB8C3 /* FirebaseMessaging */; };
		116D87742B5CAEBD006CB8C3 /* FirebasePerformance in Frameworks */ = {isa = PBXBuildFile; productRef = 116D87732B5CAEBD006CB8C3 /* FirebasePerformance */; };
		116D87762B5CAEBD006CB8C3 /* FirebaseRemoteConfig in Frameworks */ = {isa = PBXBuildFile; productRef = 116D87752B5CAEBD006CB8C3 /* FirebaseRemoteConfig */; };
		116D87782B5CAEBD006CB8C3 /* FirebaseRemoteConfigSwift in Frameworks */ = {isa = PBXBuildFile; productRef = 116D87772B5CAEBD006CB8C3 /* FirebaseRemoteConfigSwift */; };
		116D877A2B5CAEBD006CB8C3 /* FirebaseStorage in Frameworks */ = {isa = PBXBuildFile; productRef = 116D87792B5CAEBD006CB8C3 /* FirebaseStorage */; };
		116D877C2B5CAEBD006CB8C3 /* FirebaseStorageCombine-Community in Frameworks */ = {isa = PBXBuildFile; productRef = 116D877B2B5CAEBD006CB8C3 /* FirebaseStorageCombine-Community */; };
		272C29232B60A08F00EED823 /* LoginUtilities.swift in Sources */ = {isa = PBXBuildFile; fileRef = 272C29222B60A08F00EED823 /* LoginUtilities.swift */; };
		276C377E2B60A2C500F7BC5A /* GoogleSignIn in Frameworks */ = {isa = PBXBuildFile; productRef = 276C377D2B60A2C500F7BC5A /* GoogleSignIn */; };
		276C37802B60A2C500F7BC5A /* GoogleSignInSwift in Frameworks */ = {isa = PBXBuildFile; productRef = 276C377F2B60A2C500F7BC5A /* GoogleSignInSwift */; };
		276C37822B60A2D700F7BC5A /* FirebaseAnalytics in Frameworks */ = {isa = PBXBuildFile; productRef = 276C37812B60A2D700F7BC5A /* FirebaseAnalytics */; };
		276C37842B60A2D700F7BC5A /* FirebaseAnalyticsOnDeviceConversion in Frameworks */ = {isa = PBXBuildFile; productRef = 276C37832B60A2D700F7BC5A /* FirebaseAnalyticsOnDeviceConversion */; };
		276C37862B60A2D700F7BC5A /* FirebaseAnalyticsSwift in Frameworks */ = {isa = PBXBuildFile; productRef = 276C37852B60A2D700F7BC5A /* FirebaseAnalyticsSwift */; };
		276C37882B60A2D700F7BC5A /* FirebaseAnalyticsWithoutAdIdSupport in Frameworks */ = {isa = PBXBuildFile; productRef = 276C37872B60A2D700F7BC5A /* FirebaseAnalyticsWithoutAdIdSupport */; };
		276C378A2B60A2D700F7BC5A /* FirebaseAppCheck in Frameworks */ = {isa = PBXBuildFile; productRef = 276C37892B60A2D700F7BC5A /* FirebaseAppCheck */; };
		27F771532B60A02E00A428F5 /* AuthManager.swift in Sources */ = {isa = PBXBuildFile; fileRef = 27F771522B60A02E00A428F5 /* AuthManager.swift */; };
		43536EBF2B70ADC000207E52 /* UserDB.swift in Sources */ = {isa = PBXBuildFile; fileRef = 43536EBE2B70ADC000207E52 /* UserDB.swift */; };
		43536EC32B70DACC00207E52 /* GoogleService-Info.plist in Resources */ = {isa = PBXBuildFile; fileRef = 43536EC22B70DACC00207E52 /* GoogleService-Info.plist */; };
		9E395E0E2B5C6FFA00EB61B2 /* BeeFreeApp.swift in Sources */ = {isa = PBXBuildFile; fileRef = 9E395E0D2B5C6FFA00EB61B2 /* BeeFreeApp.swift */; };
		9E395E102B5C6FFA00EB61B2 /* ContentView.swift in Sources */ = {isa = PBXBuildFile; fileRef = 9E395E0F2B5C6FFA00EB61B2 /* ContentView.swift */; };
		9E395E122B5C6FFB00EB61B2 /* Assets.xcassets in Resources */ = {isa = PBXBuildFile; fileRef = 9E395E112B5C6FFB00EB61B2 /* Assets.xcassets */; };
		9E395E152B5C6FFB00EB61B2 /* Preview Assets.xcassets in Resources */ = {isa = PBXBuildFile; fileRef = 9E395E142B5C6FFB00EB61B2 /* Preview Assets.xcassets */; };
		9E395E362B5C757500EB61B2 /* TitleBarModifier.swift in Sources */ = {isa = PBXBuildFile; fileRef = 9E395E352B5C757500EB61B2 /* TitleBarModifier.swift */; };
		9E395E382B5C758C00EB61B2 /* TabBarModifier.swift in Sources */ = {isa = PBXBuildFile; fileRef = 9E395E372B5C758C00EB61B2 /* TabBarModifier.swift */; };
		9E395E3A2B5C75C300EB61B2 /* ProfileSheetView.swift in Sources */ = {isa = PBXBuildFile; fileRef = 9E395E392B5C75C300EB61B2 /* ProfileSheetView.swift */; };
		9E395E3C2B5C75DC00EB61B2 /* CreateLimitSheetView.swift in Sources */ = {isa = PBXBuildFile; fileRef = 9E395E3B2B5C75DC00EB61B2 /* CreateLimitSheetView.swift */; };
		9E395E3E2B5C766000EB61B2 /* HomeView.swift in Sources */ = {isa = PBXBuildFile; fileRef = 9E395E3D2B5C766000EB61B2 /* HomeView.swift */; };
		9E395E402B5C767200EB61B2 /* SharingView.swift in Sources */ = {isa = PBXBuildFile; fileRef = 9E395E3F2B5C767200EB61B2 /* SharingView.swift */; };
		9E395E432B5C769300EB61B2 /* SummaryView.swift in Sources */ = {isa = PBXBuildFile; fileRef = 9E395E422B5C769300EB61B2 /* SummaryView.swift */; };
		9E395E452B5C777A00EB61B2 /* LoginView.swift in Sources */ = {isa = PBXBuildFile; fileRef = 9E395E442B5C777A00EB61B2 /* LoginView.swift */; };
		9EA34C722B5F254E00F1208D /* ScreenTimeGoalView.swift in Sources */ = {isa = PBXBuildFile; fileRef = 9EA34C712B5F254E00F1208D /* ScreenTimeGoalView.swift */; };
		9EA34C742B5F255A00F1208D /* AppScreenTimeView.swift in Sources */ = {isa = PBXBuildFile; fileRef = 9EA34C732B5F255A00F1208D /* AppScreenTimeView.swift */; };
		9EA34C762B5F260400F1208D /* CircleProgressBar.swift in Sources */ = {isa = PBXBuildFile; fileRef = 9EA34C752B5F260400F1208D /* CircleProgressBar.swift */; };
		9EA34C792B5F29A300F1208D /* RectangleSection.swift in Sources */ = {isa = PBXBuildFile; fileRef = 9EA34C782B5F29A300F1208D /* RectangleSection.swift */; };
		9EB1A5EE2B5FA2DE00F6D408 /* AppLimitDisplay.swift in Sources */ = {isa = PBXBuildFile; fileRef = 9EB1A5ED2B5FA2DE00F6D408 /* AppLimitDisplay.swift */; };
		9EB1A5F02B5FB21200F6D408 /* PollenAnimation.swift in Sources */ = {isa = PBXBuildFile; fileRef = 9EB1A5EF2B5FB21200F6D408 /* PollenAnimation.swift */; };
/* End PBXBuildFile section */

/* Begin PBXFileReference section */
		272C29222B60A08F00EED823 /* LoginUtilities.swift */ = {isa = PBXFileReference; lastKnownFileType = sourcecode.swift; path = LoginUtilities.swift; sourceTree = "<group>"; };
		276C378D2B60A31D00F7BC5A /* Info.plist */ = {isa = PBXFileReference; lastKnownFileType = text.plist.xml; path = Info.plist; sourceTree = "<group>"; };
		27F771522B60A02E00A428F5 /* AuthManager.swift */ = {isa = PBXFileReference; lastKnownFileType = sourcecode.swift; path = AuthManager.swift; sourceTree = "<group>"; };
		43536EBE2B70ADC000207E52 /* UserDB.swift */ = {isa = PBXFileReference; fileEncoding = 4; lastKnownFileType = sourcecode.swift; path = UserDB.swift; sourceTree = "<group>"; };
		43536EC22B70DACC00207E52 /* GoogleService-Info.plist */ = {isa = PBXFileReference; fileEncoding = 4; lastKnownFileType = text.plist.xml; name = "GoogleService-Info.plist"; path = "../../../../../Downloads/GoogleService-Info.plist"; sourceTree = "<group>"; };
		43536EC42B71D09000207E52 /* BeeFree.entitlements */ = {isa = PBXFileReference; lastKnownFileType = text.plist.entitlements; path = BeeFree.entitlements; sourceTree = "<group>"; };
		9E395E0A2B5C6FFA00EB61B2 /* BeeFree.app */ = {isa = PBXFileReference; explicitFileType = wrapper.application; includeInIndex = 0; path = BeeFree.app; sourceTree = BUILT_PRODUCTS_DIR; };
		9E395E0D2B5C6FFA00EB61B2 /* BeeFreeApp.swift */ = {isa = PBXFileReference; lastKnownFileType = sourcecode.swift; path = BeeFreeApp.swift; sourceTree = "<group>"; };
		9E395E0F2B5C6FFA00EB61B2 /* ContentView.swift */ = {isa = PBXFileReference; lastKnownFileType = sourcecode.swift; path = ContentView.swift; sourceTree = "<group>"; };
		9E395E112B5C6FFB00EB61B2 /* Assets.xcassets */ = {isa = PBXFileReference; lastKnownFileType = folder.assetcatalog; path = Assets.xcassets; sourceTree = "<group>"; };
		9E395E142B5C6FFB00EB61B2 /* Preview Assets.xcassets */ = {isa = PBXFileReference; lastKnownFileType = folder.assetcatalog; path = "Preview Assets.xcassets"; sourceTree = "<group>"; };
		9E395E352B5C757500EB61B2 /* TitleBarModifier.swift */ = {isa = PBXFileReference; lastKnownFileType = sourcecode.swift; path = TitleBarModifier.swift; sourceTree = "<group>"; };
		9E395E372B5C758C00EB61B2 /* TabBarModifier.swift */ = {isa = PBXFileReference; lastKnownFileType = sourcecode.swift; path = TabBarModifier.swift; sourceTree = "<group>"; };
		9E395E392B5C75C300EB61B2 /* ProfileSheetView.swift */ = {isa = PBXFileReference; lastKnownFileType = sourcecode.swift; path = ProfileSheetView.swift; sourceTree = "<group>"; };
		9E395E3B2B5C75DC00EB61B2 /* CreateLimitSheetView.swift */ = {isa = PBXFileReference; lastKnownFileType = sourcecode.swift; path = CreateLimitSheetView.swift; sourceTree = "<group>"; };
		9E395E3D2B5C766000EB61B2 /* HomeView.swift */ = {isa = PBXFileReference; lastKnownFileType = sourcecode.swift; path = HomeView.swift; sourceTree = "<group>"; };
		9E395E3F2B5C767200EB61B2 /* SharingView.swift */ = {isa = PBXFileReference; lastKnownFileType = sourcecode.swift; path = SharingView.swift; sourceTree = "<group>"; };
		9E395E422B5C769300EB61B2 /* SummaryView.swift */ = {isa = PBXFileReference; lastKnownFileType = sourcecode.swift; path = SummaryView.swift; sourceTree = "<group>"; };
		9E395E442B5C777A00EB61B2 /* LoginView.swift */ = {isa = PBXFileReference; lastKnownFileType = sourcecode.swift; path = LoginView.swift; sourceTree = "<group>"; };
		9EA34C712B5F254E00F1208D /* ScreenTimeGoalView.swift */ = {isa = PBXFileReference; lastKnownFileType = sourcecode.swift; path = ScreenTimeGoalView.swift; sourceTree = "<group>"; };
		9EA34C732B5F255A00F1208D /* AppScreenTimeView.swift */ = {isa = PBXFileReference; lastKnownFileType = sourcecode.swift; path = AppScreenTimeView.swift; sourceTree = "<group>"; };
		9EA34C752B5F260400F1208D /* CircleProgressBar.swift */ = {isa = PBXFileReference; lastKnownFileType = sourcecode.swift; name = CircleProgressBar.swift; path = BeeFree/Features/Summary/View/CircleProgressBar.swift; sourceTree = SOURCE_ROOT; };
		9EA34C782B5F29A300F1208D /* RectangleSection.swift */ = {isa = PBXFileReference; lastKnownFileType = sourcecode.swift; path = RectangleSection.swift; sourceTree = "<group>"; };
		9EB1A5ED2B5FA2DE00F6D408 /* AppLimitDisplay.swift */ = {isa = PBXFileReference; lastKnownFileType = sourcecode.swift; path = AppLimitDisplay.swift; sourceTree = "<group>"; };
		9EB1A5EF2B5FB21200F6D408 /* PollenAnimation.swift */ = {isa = PBXFileReference; lastKnownFileType = sourcecode.swift; path = PollenAnimation.swift; sourceTree = "<group>"; };
/* End PBXFileReference section */

/* Begin PBXFrameworksBuildPhase section */
		9E395E072B5C6FFA00EB61B2 /* Frameworks */ = {
			isa = PBXFrameworksBuildPhase;
			buildActionMask = 2147483647;
			files = (
				116D875A2B5CAEBD006CB8C3 /* FirebaseDatabase in Frameworks */,
				116D87682B5CAEBD006CB8C3 /* FirebaseFunctionsCombine-Community in Frameworks */,
				116D87602B5CAEBD006CB8C3 /* FirebaseFirestore in Frameworks */,
				116D874C2B5CAEBD006CB8C3 /* FirebaseAnalyticsSwift in Frameworks */,
				276C37882B60A2D700F7BC5A /* FirebaseAnalyticsWithoutAdIdSupport in Frameworks */,
				116D87482B5CAEBD006CB8C3 /* FirebaseAnalytics in Frameworks */,
				276C37842B60A2D700F7BC5A /* FirebaseAnalyticsOnDeviceConversion in Frameworks */,
				116D874A2B5CAEBD006CB8C3 /* FirebaseAnalyticsOnDeviceConversion in Frameworks */,
				116D87702B5CAEBD006CB8C3 /* FirebaseMLModelDownloader in Frameworks */,
				276C37802B60A2C500F7BC5A /* GoogleSignInSwift in Frameworks */,
				276C37822B60A2D700F7BC5A /* FirebaseAnalytics in Frameworks */,
				116D87642B5CAEBD006CB8C3 /* FirebaseFirestoreSwift in Frameworks */,
				116D87502B5CAEBD006CB8C3 /* FirebaseAppCheck in Frameworks */,
				276C37862B60A2D700F7BC5A /* FirebaseAnalyticsSwift in Frameworks */,
				116D874E2B5CAEBD006CB8C3 /* FirebaseAnalyticsWithoutAdIdSupport in Frameworks */,
				116D87542B5CAEBD006CB8C3 /* FirebaseAuth in Frameworks */,
				116D87582B5CAEBD006CB8C3 /* FirebaseCrashlytics in Frameworks */,
				116D87782B5CAEBD006CB8C3 /* FirebaseRemoteConfigSwift in Frameworks */,
				276C378A2B60A2D700F7BC5A /* FirebaseAppCheck in Frameworks */,
				276C377E2B60A2C500F7BC5A /* GoogleSignIn in Frameworks */,
				116D876A2B5CAEBD006CB8C3 /* FirebaseInAppMessaging-Beta in Frameworks */,
				116D875C2B5CAEBD006CB8C3 /* FirebaseDatabaseSwift in Frameworks */,
				116D87662B5CAEBD006CB8C3 /* FirebaseFunctions in Frameworks */,
				116D877C2B5CAEBD006CB8C3 /* FirebaseStorageCombine-Community in Frameworks */,
				116D87762B5CAEBD006CB8C3 /* FirebaseRemoteConfig in Frameworks */,
				116D87522B5CAEBD006CB8C3 /* FirebaseAppDistribution-Beta in Frameworks */,
				116D87562B5CAEBD006CB8C3 /* FirebaseAuthCombine-Community in Frameworks */,
				116D87742B5CAEBD006CB8C3 /* FirebasePerformance in Frameworks */,
				116D876C2B5CAEBD006CB8C3 /* FirebaseInAppMessagingSwift-Beta in Frameworks */,
				116D877A2B5CAEBD006CB8C3 /* FirebaseStorage in Frameworks */,
				116D875E2B5CAEBD006CB8C3 /* FirebaseDynamicLinks in Frameworks */,
				116D87622B5CAEBD006CB8C3 /* FirebaseFirestoreCombine-Community in Frameworks */,
				116D87722B5CAEBD006CB8C3 /* FirebaseMessaging in Frameworks */,
				116D876E2B5CAEBD006CB8C3 /* FirebaseInstallations in Frameworks */,
			);
			runOnlyForDeploymentPostprocessing = 0;
		};
/* End PBXFrameworksBuildPhase section */

/* Begin PBXGroup section */
		9E395E012B5C6FFA00EB61B2 = {
			isa = PBXGroup;
			children = (
				9E395E0C2B5C6FFA00EB61B2 /* BeeFree */,
				9E395E0B2B5C6FFA00EB61B2 /* Products */,
			);
			sourceTree = "<group>";
		};
		9E395E0B2B5C6FFA00EB61B2 /* Products */ = {
			isa = PBXGroup;
			children = (
				9E395E0A2B5C6FFA00EB61B2 /* BeeFree.app */,
			);
			name = Products;
			sourceTree = "<group>";
		};
		9E395E0C2B5C6FFA00EB61B2 /* BeeFree */ = {
			isa = PBXGroup;
			children = (
				43536EC42B71D09000207E52 /* BeeFree.entitlements */,
				276C378D2B60A31D00F7BC5A /* Info.plist */,
				43536EC22B70DACC00207E52 /* GoogleService-Info.plist */,
				9E395E1B2B5C735300EB61B2 /* Features */,
				9E395E332B5C747E00EB61B2 /* Modifiers */,
				9E395E312B5C744700EB61B2 /* Services */,
				9E395E322B5C746700EB61B2 /* Utilities */,
				9E395E0D2B5C6FFA00EB61B2 /* BeeFreeApp.swift */,
				9E395E112B5C6FFB00EB61B2 /* Assets.xcassets */,
				9E395E132B5C6FFB00EB61B2 /* Preview Content */,
			);
			path = BeeFree;
			sourceTree = "<group>";
		};
		9E395E132B5C6FFB00EB61B2 /* Preview Content */ = {
			isa = PBXGroup;
			children = (
				9E395E142B5C6FFB00EB61B2 /* Preview Assets.xcassets */,
			);
			path = "Preview Content";
			sourceTree = "<group>";
		};
		9E395E1B2B5C735300EB61B2 /* Features */ = {
			isa = PBXGroup;
			children = (
				9E395E1F2B5C738B00EB61B2 /* Login */,
				9E395E1C2B5C735A00EB61B2 /* Home */,
				9E395E1D2B5C735F00EB61B2 /* Summary */,
				9E395E1E2B5C736900EB61B2 /* Sharing */,
			);
			path = Features;
			sourceTree = "<group>";
		};
		9E395E1C2B5C735A00EB61B2 /* Home */ = {
			isa = PBXGroup;
			children = (
				9E395E282B5C73F400EB61B2 /* Model */,
				9E395E272B5C73EE00EB61B2 /* View */,
				9E395E262B5C73E900EB61B2 /* ViewModel */,
			);
			path = Home;
			sourceTree = "<group>";
		};
		9E395E1D2B5C735F00EB61B2 /* Summary */ = {
			isa = PBXGroup;
			children = (
				9E395E2F2B5C741500EB61B2 /* Model */,
				9E395E2D2B5C740E00EB61B2 /* View */,
				9E395E2C2B5C740A00EB61B2 /* ViewModel */,
			);
			path = Summary;
			sourceTree = "<group>";
		};
		9E395E1E2B5C736900EB61B2 /* Sharing */ = {
			isa = PBXGroup;
			children = (
				9E395E2B2B5C740600EB61B2 /* Model */,
				9E395E2A2B5C740200EB61B2 /* View */,
				9E395E292B5C73F900EB61B2 /* ViewModel */,
			);
			path = Sharing;
			sourceTree = "<group>";
		};
		9E395E1F2B5C738B00EB61B2 /* Login */ = {
			isa = PBXGroup;
			children = (
				9E395E202B5C73C200EB61B2 /* Model */,
				9E395E252B5C73E200EB61B2 /* View */,
				9E395E212B5C73CA00EB61B2 /* ViewModel */,
			);
			path = Login;
			sourceTree = "<group>";
		};
		9E395E202B5C73C200EB61B2 /* Model */ = {
			isa = PBXGroup;
			children = (
			);
			path = Model;
			sourceTree = "<group>";
		};
		9E395E212B5C73CA00EB61B2 /* ViewModel */ = {
			isa = PBXGroup;
			children = (
			);
			path = ViewModel;
			sourceTree = "<group>";
		};
		9E395E252B5C73E200EB61B2 /* View */ = {
			isa = PBXGroup;
			children = (
				43536EBE2B70ADC000207E52 /* UserDB.swift */,
				9E395E442B5C777A00EB61B2 /* LoginView.swift */,
				27F771522B60A02E00A428F5 /* AuthManager.swift */,
				272C29222B60A08F00EED823 /* LoginUtilities.swift */,
			);
			path = View;
			sourceTree = "<group>";
		};
		9E395E262B5C73E900EB61B2 /* ViewModel */ = {
			isa = PBXGroup;
			children = (
			);
			path = ViewModel;
			sourceTree = "<group>";
		};
		9E395E272B5C73EE00EB61B2 /* View */ = {
			isa = PBXGroup;
			children = (
				9E395E342B5C756700EB61B2 /* Modifiers */,
				9E395E0F2B5C6FFA00EB61B2 /* ContentView.swift */,
				9E395E392B5C75C300EB61B2 /* ProfileSheetView.swift */,
				9E395E3B2B5C75DC00EB61B2 /* CreateLimitSheetView.swift */,
				9E395E3D2B5C766000EB61B2 /* HomeView.swift */,
			);
			path = View;
			sourceTree = "<group>";
		};
		9E395E282B5C73F400EB61B2 /* Model */ = {
			isa = PBXGroup;
			children = (
			);
			path = Model;
			sourceTree = "<group>";
		};
		9E395E292B5C73F900EB61B2 /* ViewModel */ = {
			isa = PBXGroup;
			children = (
			);
			path = ViewModel;
			sourceTree = "<group>";
		};
		9E395E2A2B5C740200EB61B2 /* View */ = {
			isa = PBXGroup;
			children = (
				9E395E3F2B5C767200EB61B2 /* SharingView.swift */,
			);
			path = View;
			sourceTree = "<group>";
		};
		9E395E2B2B5C740600EB61B2 /* Model */ = {
			isa = PBXGroup;
			children = (
			);
			path = Model;
			sourceTree = "<group>";
		};
		9E395E2C2B5C740A00EB61B2 /* ViewModel */ = {
			isa = PBXGroup;
			children = (
			);
			path = ViewModel;
			sourceTree = "<group>";
		};
		9E395E2D2B5C740E00EB61B2 /* View */ = {
			isa = PBXGroup;
			children = (
				9E395E422B5C769300EB61B2 /* SummaryView.swift */,
				9EA34C712B5F254E00F1208D /* ScreenTimeGoalView.swift */,
				9EA34C732B5F255A00F1208D /* AppScreenTimeView.swift */,
			);
			path = View;
			sourceTree = "<group>";
		};
		9E395E2F2B5C741500EB61B2 /* Model */ = {
			isa = PBXGroup;
			children = (
			);
			path = Model;
			sourceTree = "<group>";
		};
		9E395E312B5C744700EB61B2 /* Services */ = {
			isa = PBXGroup;
			children = (
			);
			path = Services;
			sourceTree = "<group>";
		};
		9E395E322B5C746700EB61B2 /* Utilities */ = {
			isa = PBXGroup;
			children = (
			);
			path = Utilities;
			sourceTree = "<group>";
		};
		9E395E332B5C747E00EB61B2 /* Modifiers */ = {
			isa = PBXGroup;
			children = (
				9EA34C752B5F260400F1208D /* CircleProgressBar.swift */,
				9EA34C782B5F29A300F1208D /* RectangleSection.swift */,
			);
			path = Modifiers;
			sourceTree = "<group>";
		};
		9E395E342B5C756700EB61B2 /* Modifiers */ = {
			isa = PBXGroup;
			children = (
				9E395E352B5C757500EB61B2 /* TitleBarModifier.swift */,
				9E395E372B5C758C00EB61B2 /* TabBarModifier.swift */,
				9EB1A5ED2B5FA2DE00F6D408 /* AppLimitDisplay.swift */,
				9EB1A5EF2B5FB21200F6D408 /* PollenAnimation.swift */,
			);
			path = Modifiers;
			sourceTree = "<group>";
		};
/* End PBXGroup section */

/* Begin PBXNativeTarget section */
		9E395E092B5C6FFA00EB61B2 /* BeeFree */ = {
			isa = PBXNativeTarget;
			buildConfigurationList = 9E395E182B5C6FFB00EB61B2 /* Build configuration list for PBXNativeTarget "BeeFree" */;
			buildPhases = (
				9E395E062B5C6FFA00EB61B2 /* Sources */,
				9E395E072B5C6FFA00EB61B2 /* Frameworks */,
				9E395E082B5C6FFA00EB61B2 /* Resources */,
			);
			buildRules = (
			);
			dependencies = (
			);
			name = BeeFree;
			packageProductDependencies = (
				116D87472B5CAEBD006CB8C3 /* FirebaseAnalytics */,
				116D87492B5CAEBD006CB8C3 /* FirebaseAnalyticsOnDeviceConversion */,
				116D874B2B5CAEBD006CB8C3 /* FirebaseAnalyticsSwift */,
				116D874D2B5CAEBD006CB8C3 /* FirebaseAnalyticsWithoutAdIdSupport */,
				116D874F2B5CAEBD006CB8C3 /* FirebaseAppCheck */,
				116D87512B5CAEBD006CB8C3 /* FirebaseAppDistribution-Beta */,
				116D87532B5CAEBD006CB8C3 /* FirebaseAuth */,
				116D87552B5CAEBD006CB8C3 /* FirebaseAuthCombine-Community */,
				116D87572B5CAEBD006CB8C3 /* FirebaseCrashlytics */,
				116D87592B5CAEBD006CB8C3 /* FirebaseDatabase */,
				116D875B2B5CAEBD006CB8C3 /* FirebaseDatabaseSwift */,
				116D875D2B5CAEBD006CB8C3 /* FirebaseDynamicLinks */,
				116D875F2B5CAEBD006CB8C3 /* FirebaseFirestore */,
				116D87612B5CAEBD006CB8C3 /* FirebaseFirestoreCombine-Community */,
				116D87632B5CAEBD006CB8C3 /* FirebaseFirestoreSwift */,
				116D87652B5CAEBD006CB8C3 /* FirebaseFunctions */,
				116D87672B5CAEBD006CB8C3 /* FirebaseFunctionsCombine-Community */,
				116D87692B5CAEBD006CB8C3 /* FirebaseInAppMessaging-Beta */,
				116D876B2B5CAEBD006CB8C3 /* FirebaseInAppMessagingSwift-Beta */,
				116D876D2B5CAEBD006CB8C3 /* FirebaseInstallations */,
				116D876F2B5CAEBD006CB8C3 /* FirebaseMLModelDownloader */,
				116D87712B5CAEBD006CB8C3 /* FirebaseMessaging */,
				116D87732B5CAEBD006CB8C3 /* FirebasePerformance */,
				116D87752B5CAEBD006CB8C3 /* FirebaseRemoteConfig */,
				116D87772B5CAEBD006CB8C3 /* FirebaseRemoteConfigSwift */,
				116D87792B5CAEBD006CB8C3 /* FirebaseStorage */,
				116D877B2B5CAEBD006CB8C3 /* FirebaseStorageCombine-Community */,
				276C377D2B60A2C500F7BC5A /* GoogleSignIn */,
				276C377F2B60A2C500F7BC5A /* GoogleSignInSwift */,
				276C37812B60A2D700F7BC5A /* FirebaseAnalytics */,
				276C37832B60A2D700F7BC5A /* FirebaseAnalyticsOnDeviceConversion */,
				276C37852B60A2D700F7BC5A /* FirebaseAnalyticsSwift */,
				276C37872B60A2D700F7BC5A /* FirebaseAnalyticsWithoutAdIdSupport */,
				276C37892B60A2D700F7BC5A /* FirebaseAppCheck */,
			);
			productName = BeeFree;
			productReference = 9E395E0A2B5C6FFA00EB61B2 /* BeeFree.app */;
			productType = "com.apple.product-type.application";
		};
/* End PBXNativeTarget section */

/* Begin PBXProject section */
		9E395E022B5C6FFA00EB61B2 /* Project object */ = {
			isa = PBXProject;
			attributes = {
				BuildIndependentTargetsInParallel = 1;
				LastSwiftUpdateCheck = 1520;
				LastUpgradeCheck = 1520;
				TargetAttributes = {
					9E395E092B5C6FFA00EB61B2 = {
						CreatedOnToolsVersion = 15.2;
					};
				};
			};
			buildConfigurationList = 9E395E052B5C6FFA00EB61B2 /* Build configuration list for PBXProject "BeeFree" */;
			compatibilityVersion = "Xcode 14.0";
			developmentRegion = en;
			hasScannedForEncodings = 0;
			knownRegions = (
				en,
				Base,
			);
			mainGroup = 9E395E012B5C6FFA00EB61B2;
			packageReferences = (
				116D87462B5CAEBD006CB8C3 /* XCRemoteSwiftPackageReference "firebase-ios-sdk" */,
				276C377C2B60A2C500F7BC5A /* XCRemoteSwiftPackageReference "GoogleSignIn-iOS" */,
			);
			productRefGroup = 9E395E0B2B5C6FFA00EB61B2 /* Products */;
			projectDirPath = "";
			projectRoot = "";
			targets = (
				9E395E092B5C6FFA00EB61B2 /* BeeFree */,
			);
		};
/* End PBXProject section */

/* Begin PBXResourcesBuildPhase section */
		9E395E082B5C6FFA00EB61B2 /* Resources */ = {
			isa = PBXResourcesBuildPhase;
			buildActionMask = 2147483647;
			files = (
				9E395E152B5C6FFB00EB61B2 /* Preview Assets.xcassets in Resources */,
				9E395E122B5C6FFB00EB61B2 /* Assets.xcassets in Resources */,
				43536EC32B70DACC00207E52 /* GoogleService-Info.plist in Resources */,
			);
			runOnlyForDeploymentPostprocessing = 0;
		};
/* End PBXResourcesBuildPhase section */

/* Begin PBXSourcesBuildPhase section */
		9E395E062B5C6FFA00EB61B2 /* Sources */ = {
			isa = PBXSourcesBuildPhase;
			buildActionMask = 2147483647;
			files = (
				272C29232B60A08F00EED823 /* LoginUtilities.swift in Sources */,
				9E395E3C2B5C75DC00EB61B2 /* CreateLimitSheetView.swift in Sources */,
				9EA34C742B5F255A00F1208D /* AppScreenTimeView.swift in Sources */,
				9E395E3E2B5C766000EB61B2 /* HomeView.swift in Sources */,
				9E395E102B5C6FFA00EB61B2 /* ContentView.swift in Sources */,
				9E395E402B5C767200EB61B2 /* SharingView.swift in Sources */,
				9E395E0E2B5C6FFA00EB61B2 /* BeeFreeApp.swift in Sources */,
				9E395E382B5C758C00EB61B2 /* TabBarModifier.swift in Sources */,
				27F771532B60A02E00A428F5 /* AuthManager.swift in Sources */,
				9EA34C792B5F29A300F1208D /* RectangleSection.swift in Sources */,
				9E395E362B5C757500EB61B2 /* TitleBarModifier.swift in Sources */,
				43536EBF2B70ADC000207E52 /* UserDB.swift in Sources */,
				9E395E3A2B5C75C300EB61B2 /* ProfileSheetView.swift in Sources */,
				9EB1A5F02B5FB21200F6D408 /* PollenAnimation.swift in Sources */,
				9EA34C722B5F254E00F1208D /* ScreenTimeGoalView.swift in Sources */,
				9E395E452B5C777A00EB61B2 /* LoginView.swift in Sources */,
				9E395E432B5C769300EB61B2 /* SummaryView.swift in Sources */,
				9EA34C762B5F260400F1208D /* CircleProgressBar.swift in Sources */,
				9EB1A5EE2B5FA2DE00F6D408 /* AppLimitDisplay.swift in Sources */,
			);
			runOnlyForDeploymentPostprocessing = 0;
		};
/* End PBXSourcesBuildPhase section */

/* Begin XCBuildConfiguration section */
		9E395E162B5C6FFB00EB61B2 /* Debug */ = {
			isa = XCBuildConfiguration;
			buildSettings = {
				ALWAYS_SEARCH_USER_PATHS = NO;
				ASSETCATALOG_COMPILER_GENERATE_SWIFT_ASSET_SYMBOL_EXTENSIONS = YES;
				CLANG_ANALYZER_NONNULL = YES;
				CLANG_ANALYZER_NUMBER_OBJECT_CONVERSION = YES_AGGRESSIVE;
				CLANG_CXX_LANGUAGE_STANDARD = "gnu++20";
				CLANG_ENABLE_MODULES = YES;
				CLANG_ENABLE_OBJC_ARC = YES;
				CLANG_ENABLE_OBJC_WEAK = YES;
				CLANG_WARN_BLOCK_CAPTURE_AUTORELEASING = YES;
				CLANG_WARN_BOOL_CONVERSION = YES;
				CLANG_WARN_COMMA = YES;
				CLANG_WARN_CONSTANT_CONVERSION = YES;
				CLANG_WARN_DEPRECATED_OBJC_IMPLEMENTATIONS = YES;
				CLANG_WARN_DIRECT_OBJC_ISA_USAGE = YES_ERROR;
				CLANG_WARN_DOCUMENTATION_COMMENTS = YES;
				CLANG_WARN_EMPTY_BODY = YES;
				CLANG_WARN_ENUM_CONVERSION = YES;
				CLANG_WARN_INFINITE_RECURSION = YES;
				CLANG_WARN_INT_CONVERSION = YES;
				CLANG_WARN_NON_LITERAL_NULL_CONVERSION = YES;
				CLANG_WARN_OBJC_IMPLICIT_RETAIN_SELF = YES;
				CLANG_WARN_OBJC_LITERAL_CONVERSION = YES;
				CLANG_WARN_OBJC_ROOT_CLASS = YES_ERROR;
				CLANG_WARN_QUOTED_INCLUDE_IN_FRAMEWORK_HEADER = YES;
				CLANG_WARN_RANGE_LOOP_ANALYSIS = YES;
				CLANG_WARN_STRICT_PROTOTYPES = YES;
				CLANG_WARN_SUSPICIOUS_MOVE = YES;
				CLANG_WARN_UNGUARDED_AVAILABILITY = YES_AGGRESSIVE;
				CLANG_WARN_UNREACHABLE_CODE = YES;
				CLANG_WARN__DUPLICATE_METHOD_MATCH = YES;
				COPY_PHASE_STRIP = NO;
				DEBUG_INFORMATION_FORMAT = dwarf;
				ENABLE_STRICT_OBJC_MSGSEND = YES;
				ENABLE_TESTABILITY = YES;
				ENABLE_USER_SCRIPT_SANDBOXING = YES;
				GCC_C_LANGUAGE_STANDARD = gnu17;
				GCC_DYNAMIC_NO_PIC = NO;
				GCC_NO_COMMON_BLOCKS = YES;
				GCC_OPTIMIZATION_LEVEL = 0;
				GCC_PREPROCESSOR_DEFINITIONS = (
					"DEBUG=1",
					"$(inherited)",
				);
				GCC_WARN_64_TO_32_BIT_CONVERSION = YES;
				GCC_WARN_ABOUT_RETURN_TYPE = YES_ERROR;
				GCC_WARN_UNDECLARED_SELECTOR = YES;
				GCC_WARN_UNINITIALIZED_AUTOS = YES_AGGRESSIVE;
				GCC_WARN_UNUSED_FUNCTION = YES;
				GCC_WARN_UNUSED_VARIABLE = YES;
				IPHONEOS_DEPLOYMENT_TARGET = 17.2;
				LOCALIZATION_PREFERS_STRING_CATALOGS = YES;
				MTL_ENABLE_DEBUG_INFO = INCLUDE_SOURCE;
				MTL_FAST_MATH = YES;
				ONLY_ACTIVE_ARCH = YES;
				SDKROOT = iphoneos;
				SWIFT_ACTIVE_COMPILATION_CONDITIONS = "DEBUG $(inherited)";
				SWIFT_OPTIMIZATION_LEVEL = "-Onone";
			};
			name = Debug;
		};
		9E395E172B5C6FFB00EB61B2 /* Release */ = {
			isa = XCBuildConfiguration;
			buildSettings = {
				ALWAYS_SEARCH_USER_PATHS = NO;
				ASSETCATALOG_COMPILER_GENERATE_SWIFT_ASSET_SYMBOL_EXTENSIONS = YES;
				CLANG_ANALYZER_NONNULL = YES;
				CLANG_ANALYZER_NUMBER_OBJECT_CONVERSION = YES_AGGRESSIVE;
				CLANG_CXX_LANGUAGE_STANDARD = "gnu++20";
				CLANG_ENABLE_MODULES = YES;
				CLANG_ENABLE_OBJC_ARC = YES;
				CLANG_ENABLE_OBJC_WEAK = YES;
				CLANG_WARN_BLOCK_CAPTURE_AUTORELEASING = YES;
				CLANG_WARN_BOOL_CONVERSION = YES;
				CLANG_WARN_COMMA = YES;
				CLANG_WARN_CONSTANT_CONVERSION = YES;
				CLANG_WARN_DEPRECATED_OBJC_IMPLEMENTATIONS = YES;
				CLANG_WARN_DIRECT_OBJC_ISA_USAGE = YES_ERROR;
				CLANG_WARN_DOCUMENTATION_COMMENTS = YES;
				CLANG_WARN_EMPTY_BODY = YES;
				CLANG_WARN_ENUM_CONVERSION = YES;
				CLANG_WARN_INFINITE_RECURSION = YES;
				CLANG_WARN_INT_CONVERSION = YES;
				CLANG_WARN_NON_LITERAL_NULL_CONVERSION = YES;
				CLANG_WARN_OBJC_IMPLICIT_RETAIN_SELF = YES;
				CLANG_WARN_OBJC_LITERAL_CONVERSION = YES;
				CLANG_WARN_OBJC_ROOT_CLASS = YES_ERROR;
				CLANG_WARN_QUOTED_INCLUDE_IN_FRAMEWORK_HEADER = YES;
				CLANG_WARN_RANGE_LOOP_ANALYSIS = YES;
				CLANG_WARN_STRICT_PROTOTYPES = YES;
				CLANG_WARN_SUSPICIOUS_MOVE = YES;
				CLANG_WARN_UNGUARDED_AVAILABILITY = YES_AGGRESSIVE;
				CLANG_WARN_UNREACHABLE_CODE = YES;
				CLANG_WARN__DUPLICATE_METHOD_MATCH = YES;
				COPY_PHASE_STRIP = NO;
				DEBUG_INFORMATION_FORMAT = "dwarf-with-dsym";
				ENABLE_NS_ASSERTIONS = NO;
				ENABLE_STRICT_OBJC_MSGSEND = YES;
				ENABLE_USER_SCRIPT_SANDBOXING = YES;
				GCC_C_LANGUAGE_STANDARD = gnu17;
				GCC_NO_COMMON_BLOCKS = YES;
				GCC_WARN_64_TO_32_BIT_CONVERSION = YES;
				GCC_WARN_ABOUT_RETURN_TYPE = YES_ERROR;
				GCC_WARN_UNDECLARED_SELECTOR = YES;
				GCC_WARN_UNINITIALIZED_AUTOS = YES_AGGRESSIVE;
				GCC_WARN_UNUSED_FUNCTION = YES;
				GCC_WARN_UNUSED_VARIABLE = YES;
				IPHONEOS_DEPLOYMENT_TARGET = 17.2;
				LOCALIZATION_PREFERS_STRING_CATALOGS = YES;
				MTL_ENABLE_DEBUG_INFO = NO;
				MTL_FAST_MATH = YES;
				SDKROOT = iphoneos;
				SWIFT_COMPILATION_MODE = wholemodule;
				VALIDATE_PRODUCT = YES;
			};
			name = Release;
		};
		9E395E192B5C6FFB00EB61B2 /* Debug */ = {
			isa = XCBuildConfiguration;
			buildSettings = {
				ASSETCATALOG_COMPILER_APPICON_NAME = AppIcon;
				ASSETCATALOG_COMPILER_GLOBAL_ACCENT_COLOR_NAME = AccentColor;
				CODE_SIGN_ENTITLEMENTS = BeeFree/BeeFree.entitlements;
				CODE_SIGN_STYLE = Automatic;
				CURRENT_PROJECT_VERSION = 1;
				DEVELOPMENT_ASSET_PATHS = "\"BeeFree/Preview Content\"";
				ENABLE_PREVIEWS = YES;
				GENERATE_INFOPLIST_FILE = YES;
				INFOPLIST_FILE = BeeFree/Info.plist;
				INFOPLIST_KEY_UIApplicationSceneManifest_Generation = YES;
				INFOPLIST_KEY_UIApplicationSupportsIndirectInputEvents = YES;
				INFOPLIST_KEY_UILaunchScreen_Generation = YES;
				INFOPLIST_KEY_UISupportedInterfaceOrientations_iPad = "UIInterfaceOrientationPortrait UIInterfaceOrientationPortraitUpsideDown UIInterfaceOrientationLandscapeLeft UIInterfaceOrientationLandscapeRight";
				INFOPLIST_KEY_UISupportedInterfaceOrientations_iPhone = "UIInterfaceOrientationPortrait UIInterfaceOrientationLandscapeLeft UIInterfaceOrientationLandscapeRight";
				LD_RUNPATH_SEARCH_PATHS = (
					"$(inherited)",
					"@executable_path/Frameworks",
				);
				MARKETING_VERSION = 1.0;
				PRODUCT_BUNDLE_IDENTIFIER = com.BeeFree;
				PRODUCT_NAME = "$(TARGET_NAME)";
				SWIFT_EMIT_LOC_STRINGS = YES;
				SWIFT_VERSION = 5.0;
				TARGETED_DEVICE_FAMILY = "1,2";
			};
			name = Debug;
		};
		9E395E1A2B5C6FFB00EB61B2 /* Release */ = {
			isa = XCBuildConfiguration;
			buildSettings = {
				ASSETCATALOG_COMPILER_APPICON_NAME = AppIcon;
				ASSETCATALOG_COMPILER_GLOBAL_ACCENT_COLOR_NAME = AccentColor;
				CODE_SIGN_ENTITLEMENTS = BeeFree/BeeFree.entitlements;
				CODE_SIGN_STYLE = Automatic;
				CURRENT_PROJECT_VERSION = 1;
				DEVELOPMENT_ASSET_PATHS = "\"BeeFree/Preview Content\"";
				ENABLE_PREVIEWS = YES;
				GENERATE_INFOPLIST_FILE = YES;
				INFOPLIST_FILE = BeeFree/Info.plist;
				INFOPLIST_KEY_UIApplicationSceneManifest_Generation = YES;
				INFOPLIST_KEY_UIApplicationSupportsIndirectInputEvents = YES;
				INFOPLIST_KEY_UILaunchScreen_Generation = YES;
				INFOPLIST_KEY_UISupportedInterfaceOrientations_iPad = "UIInterfaceOrientationPortrait UIInterfaceOrientationPortraitUpsideDown UIInterfaceOrientationLandscapeLeft UIInterfaceOrientationLandscapeRight";
				INFOPLIST_KEY_UISupportedInterfaceOrientations_iPhone = "UIInterfaceOrientationPortrait UIInterfaceOrientationLandscapeLeft UIInterfaceOrientationLandscapeRight";
				LD_RUNPATH_SEARCH_PATHS = (
					"$(inherited)",
					"@executable_path/Frameworks",
				);
				MARKETING_VERSION = 1.0;
				PRODUCT_BUNDLE_IDENTIFIER = com.BeeFree;
				PRODUCT_NAME = "$(TARGET_NAME)";
				SWIFT_EMIT_LOC_STRINGS = YES;
				SWIFT_VERSION = 5.0;
				TARGETED_DEVICE_FAMILY = "1,2";
			};
			name = Release;
		};
/* End XCBuildConfiguration section */

/* Begin XCConfigurationList section */
		9E395E052B5C6FFA00EB61B2 /* Build configuration list for PBXProject "BeeFree" */ = {
			isa = XCConfigurationList;
			buildConfigurations = (
				9E395E162B5C6FFB00EB61B2 /* Debug */,
				9E395E172B5C6FFB00EB61B2 /* Release */,
			);
			defaultConfigurationIsVisible = 0;
			defaultConfigurationName = Release;
		};
		9E395E182B5C6FFB00EB61B2 /* Build configuration list for PBXNativeTarget "BeeFree" */ = {
			isa = XCConfigurationList;
			buildConfigurations = (
				9E395E192B5C6FFB00EB61B2 /* Debug */,
				9E395E1A2B5C6FFB00EB61B2 /* Release */,
			);
			defaultConfigurationIsVisible = 0;
			defaultConfigurationName = Release;
		};
/* End XCConfigurationList section */

/* Begin XCRemoteSwiftPackageReference section */
		116D87462B5CAEBD006CB8C3 /* XCRemoteSwiftPackageReference "firebase-ios-sdk" */ = {
			isa = XCRemoteSwiftPackageReference;
			repositoryURL = "https://github.com/firebase/firebase-ios-sdk.git";
			requirement = {
				kind = exactVersion;
				version = 10.20.0;
			};
		};
		276C377C2B60A2C500F7BC5A /* XCRemoteSwiftPackageReference "GoogleSignIn-iOS" */ = {
			isa = XCRemoteSwiftPackageReference;
			repositoryURL = "https://github.com/google/GoogleSignIn-iOS.git";
			requirement = {
				kind = upToNextMajorVersion;
				minimumVersion = 7.0.0;
			};
		};
/* End XCRemoteSwiftPackageReference section */

/* Begin XCSwiftPackageProductDependency section */
		116D87472B5CAEBD006CB8C3 /* FirebaseAnalytics */ = {
			isa = XCSwiftPackageProductDependency;
			package = 116D87462B5CAEBD006CB8C3 /* XCRemoteSwiftPackageReference "firebase-ios-sdk" */;
			productName = FirebaseAnalytics;
		};
		116D87492B5CAEBD006CB8C3 /* FirebaseAnalyticsOnDeviceConversion */ = {
			isa = XCSwiftPackageProductDependency;
			package = 116D87462B5CAEBD006CB8C3 /* XCRemoteSwiftPackageReference "firebase-ios-sdk" */;
			productName = FirebaseAnalyticsOnDeviceConversion;
		};
		116D874B2B5CAEBD006CB8C3 /* FirebaseAnalyticsSwift */ = {
			isa = XCSwiftPackageProductDependency;
			package = 116D87462B5CAEBD006CB8C3 /* XCRemoteSwiftPackageReference "firebase-ios-sdk" */;
			productName = FirebaseAnalyticsSwift;
		};
		116D874D2B5CAEBD006CB8C3 /* FirebaseAnalyticsWithoutAdIdSupport */ = {
			isa = XCSwiftPackageProductDependency;
			package = 116D87462B5CAEBD006CB8C3 /* XCRemoteSwiftPackageReference "firebase-ios-sdk" */;
			productName = FirebaseAnalyticsWithoutAdIdSupport;
		};
		116D874F2B5CAEBD006CB8C3 /* FirebaseAppCheck */ = {
			isa = XCSwiftPackageProductDependency;
			package = 116D87462B5CAEBD006CB8C3 /* XCRemoteSwiftPackageReference "firebase-ios-sdk" */;
			productName = FirebaseAppCheck;
		};
		116D87512B5CAEBD006CB8C3 /* FirebaseAppDistribution-Beta */ = {
			isa = XCSwiftPackageProductDependency;
			package = 116D87462B5CAEBD006CB8C3 /* XCRemoteSwiftPackageReference "firebase-ios-sdk" */;
			productName = "FirebaseAppDistribution-Beta";
		};
		116D87532B5CAEBD006CB8C3 /* FirebaseAuth */ = {
			isa = XCSwiftPackageProductDependency;
			package = 116D87462B5CAEBD006CB8C3 /* XCRemoteSwiftPackageReference "firebase-ios-sdk" */;
			productName = FirebaseAuth;
		};
		116D87552B5CAEBD006CB8C3 /* FirebaseAuthCombine-Community */ = {
			isa = XCSwiftPackageProductDependency;
			package = 116D87462B5CAEBD006CB8C3 /* XCRemoteSwiftPackageReference "firebase-ios-sdk" */;
			productName = "FirebaseAuthCombine-Community";
		};
		116D87572B5CAEBD006CB8C3 /* FirebaseCrashlytics */ = {
			isa = XCSwiftPackageProductDependency;
			package = 116D87462B5CAEBD006CB8C3 /* XCRemoteSwiftPackageReference "firebase-ios-sdk" */;
			productName = FirebaseCrashlytics;
		};
		116D87592B5CAEBD006CB8C3 /* FirebaseDatabase */ = {
			isa = XCSwiftPackageProductDependency;
			package = 116D87462B5CAEBD006CB8C3 /* XCRemoteSwiftPackageReference "firebase-ios-sdk" */;
			productName = FirebaseDatabase;
		};
		116D875B2B5CAEBD006CB8C3 /* FirebaseDatabaseSwift */ = {
			isa = XCSwiftPackageProductDependency;
			package = 116D87462B5CAEBD006CB8C3 /* XCRemoteSwiftPackageReference "firebase-ios-sdk" */;
			productName = FirebaseDatabaseSwift;
		};
		116D875D2B5CAEBD006CB8C3 /* FirebaseDynamicLinks */ = {
			isa = XCSwiftPackageProductDependency;
			package = 116D87462B5CAEBD006CB8C3 /* XCRemoteSwiftPackageReference "firebase-ios-sdk" */;
			productName = FirebaseDynamicLinks;
		};
		116D875F2B5CAEBD006CB8C3 /* FirebaseFirestore */ = {
			isa = XCSwiftPackageProductDependency;
			package = 116D87462B5CAEBD006CB8C3 /* XCRemoteSwiftPackageReference "firebase-ios-sdk" */;
			productName = FirebaseFirestore;
		};
		116D87612B5CAEBD006CB8C3 /* FirebaseFirestoreCombine-Community */ = {
			isa = XCSwiftPackageProductDependency;
			package = 116D87462B5CAEBD006CB8C3 /* XCRemoteSwiftPackageReference "firebase-ios-sdk" */;
			productName = "FirebaseFirestoreCombine-Community";
		};
		116D87632B5CAEBD006CB8C3 /* FirebaseFirestoreSwift */ = {
			isa = XCSwiftPackageProductDependency;
			package = 116D87462B5CAEBD006CB8C3 /* XCRemoteSwiftPackageReference "firebase-ios-sdk" */;
			productName = FirebaseFirestoreSwift;
		};
		116D87652B5CAEBD006CB8C3 /* FirebaseFunctions */ = {
			isa = XCSwiftPackageProductDependency;
			package = 116D87462B5CAEBD006CB8C3 /* XCRemoteSwiftPackageReference "firebase-ios-sdk" */;
			productName = FirebaseFunctions;
		};
		116D87672B5CAEBD006CB8C3 /* FirebaseFunctionsCombine-Community */ = {
			isa = XCSwiftPackageProductDependency;
			package = 116D87462B5CAEBD006CB8C3 /* XCRemoteSwiftPackageReference "firebase-ios-sdk" */;
			productName = "FirebaseFunctionsCombine-Community";
		};
		116D87692B5CAEBD006CB8C3 /* FirebaseInAppMessaging-Beta */ = {
			isa = XCSwiftPackageProductDependency;
			package = 116D87462B5CAEBD006CB8C3 /* XCRemoteSwiftPackageReference "firebase-ios-sdk" */;
			productName = "FirebaseInAppMessaging-Beta";
		};
		116D876B2B5CAEBD006CB8C3 /* FirebaseInAppMessagingSwift-Beta */ = {
			isa = XCSwiftPackageProductDependency;
			package = 116D87462B5CAEBD006CB8C3 /* XCRemoteSwiftPackageReference "firebase-ios-sdk" */;
			productName = "FirebaseInAppMessagingSwift-Beta";
		};
		116D876D2B5CAEBD006CB8C3 /* FirebaseInstallations */ = {
			isa = XCSwiftPackageProductDependency;
			package = 116D87462B5CAEBD006CB8C3 /* XCRemoteSwiftPackageReference "firebase-ios-sdk" */;
			productName = FirebaseInstallations;
		};
		116D876F2B5CAEBD006CB8C3 /* FirebaseMLModelDownloader */ = {
			isa = XCSwiftPackageProductDependency;
			package = 116D87462B5CAEBD006CB8C3 /* XCRemoteSwiftPackageReference "firebase-ios-sdk" */;
			productName = FirebaseMLModelDownloader;
		};
		116D87712B5CAEBD006CB8C3 /* FirebaseMessaging */ = {
			isa = XCSwiftPackageProductDependency;
			package = 116D87462B5CAEBD006CB8C3 /* XCRemoteSwiftPackageReference "firebase-ios-sdk" */;
			productName = FirebaseMessaging;
		};
		116D87732B5CAEBD006CB8C3 /* FirebasePerformance */ = {
			isa = XCSwiftPackageProductDependency;
			package = 116D87462B5CAEBD006CB8C3 /* XCRemoteSwiftPackageReference "firebase-ios-sdk" */;
			productName = FirebasePerformance;
		};
		116D87752B5CAEBD006CB8C3 /* FirebaseRemoteConfig */ = {
			isa = XCSwiftPackageProductDependency;
			package = 116D87462B5CAEBD006CB8C3 /* XCRemoteSwiftPackageReference "firebase-ios-sdk" */;
			productName = FirebaseRemoteConfig;
		};
		116D87772B5CAEBD006CB8C3 /* FirebaseRemoteConfigSwift */ = {
			isa = XCSwiftPackageProductDependency;
			package = 116D87462B5CAEBD006CB8C3 /* XCRemoteSwiftPackageReference "firebase-ios-sdk" */;
			productName = FirebaseRemoteConfigSwift;
		};
		116D87792B5CAEBD006CB8C3 /* FirebaseStorage */ = {
			isa = XCSwiftPackageProductDependency;
			package = 116D87462B5CAEBD006CB8C3 /* XCRemoteSwiftPackageReference "firebase-ios-sdk" */;
			productName = FirebaseStorage;
		};
		116D877B2B5CAEBD006CB8C3 /* FirebaseStorageCombine-Community */ = {
			isa = XCSwiftPackageProductDependency;
			package = 116D87462B5CAEBD006CB8C3 /* XCRemoteSwiftPackageReference "firebase-ios-sdk" */;
			productName = "FirebaseStorageCombine-Community";
		};
		276C377D2B60A2C500F7BC5A /* GoogleSignIn */ = {
			isa = XCSwiftPackageProductDependency;
			package = 276C377C2B60A2C500F7BC5A /* XCRemoteSwiftPackageReference "GoogleSignIn-iOS" */;
			productName = GoogleSignIn;
		};
		276C377F2B60A2C500F7BC5A /* GoogleSignInSwift */ = {
			isa = XCSwiftPackageProductDependency;
			package = 276C377C2B60A2C500F7BC5A /* XCRemoteSwiftPackageReference "GoogleSignIn-iOS" */;
			productName = GoogleSignInSwift;
		};
		276C37812B60A2D700F7BC5A /* FirebaseAnalytics */ = {
			isa = XCSwiftPackageProductDependency;
			package = 116D87462B5CAEBD006CB8C3 /* XCRemoteSwiftPackageReference "firebase-ios-sdk" */;
			productName = FirebaseAnalytics;
		};
		276C37832B60A2D700F7BC5A /* FirebaseAnalyticsOnDeviceConversion */ = {
			isa = XCSwiftPackageProductDependency;
			package = 116D87462B5CAEBD006CB8C3 /* XCRemoteSwiftPackageReference "firebase-ios-sdk" */;
			productName = FirebaseAnalyticsOnDeviceConversion;
		};
		276C37852B60A2D700F7BC5A /* FirebaseAnalyticsSwift */ = {
			isa = XCSwiftPackageProductDependency;
			package = 116D87462B5CAEBD006CB8C3 /* XCRemoteSwiftPackageReference "firebase-ios-sdk" */;
			productName = FirebaseAnalyticsSwift;
		};
		276C37872B60A2D700F7BC5A /* FirebaseAnalyticsWithoutAdIdSupport */ = {
			isa = XCSwiftPackageProductDependency;
			package = 116D87462B5CAEBD006CB8C3 /* XCRemoteSwiftPackageReference "firebase-ios-sdk" */;
			productName = FirebaseAnalyticsWithoutAdIdSupport;
		};
		276C37892B60A2D700F7BC5A /* FirebaseAppCheck */ = {
			isa = XCSwiftPackageProductDependency;
			package = 116D87462B5CAEBD006CB8C3 /* XCRemoteSwiftPackageReference "firebase-ios-sdk" */;
			productName = FirebaseAppCheck;
		};
/* End XCSwiftPackageProductDependency section */
	};
	rootObject = 9E395E022B5C6FFA00EB61B2 /* Project object */;
}
