// !$*UTF8*$!
{
	archiveVersion = 1;
	classes = {
	};
	objectVersion = 56;
	objects = {

/* Begin PBXBuildFile section */
		270A35D72B59F1D800B9AEB6 /* hello_world_mikewangApp.swift in Sources */ = {isa = PBXBuildFile; fileRef = 270A35D62B59F1D800B9AEB6 /* hello_world_mikewangApp.swift */; };
		270A35D92B59F1D800B9AEB6 /* ContentView.swift in Sources */ = {isa = PBXBuildFile; fileRef = 270A35D82B59F1D800B9AEB6 /* ContentView.swift */; };
		270A35DB2B59F1D900B9AEB6 /* Assets.xcassets in Resources */ = {isa = PBXBuildFile; fileRef = 270A35DA2B59F1D900B9AEB6 /* Assets.xcassets */; };
		270A35DE2B59F1D900B9AEB6 /* Preview Assets.xcassets in Resources */ = {isa = PBXBuildFile; fileRef = 270A35DD2B59F1D900B9AEB6 /* Preview Assets.xcassets */; };
		270A35E82B59F1DA00B9AEB6 /* hello_world_mikewangTests.swift in Sources */ = {isa = PBXBuildFile; fileRef = 270A35E72B59F1DA00B9AEB6 /* hello_world_mikewangTests.swift */; };
		270A35F22B59F1DA00B9AEB6 /* hello_world_mikewangUITests.swift in Sources */ = {isa = PBXBuildFile; fileRef = 270A35F12B59F1DA00B9AEB6 /* hello_world_mikewangUITests.swift */; };
		270A35F42B59F1DA00B9AEB6 /* hello_world_mikewangUITestsLaunchTests.swift in Sources */ = {isa = PBXBuildFile; fileRef = 270A35F32B59F1DA00B9AEB6 /* hello_world_mikewangUITestsLaunchTests.swift */; };
/* End PBXBuildFile section */

/* Begin PBXContainerItemProxy section */
		270A35E42B59F1DA00B9AEB6 /* PBXContainerItemProxy */ = {
			isa = PBXContainerItemProxy;
			containerPortal = 270A35CB2B59F1D800B9AEB6 /* Project object */;
			proxyType = 1;
			remoteGlobalIDString = 270A35D22B59F1D800B9AEB6;
			remoteInfo = "hello-world-mikewang";
		};
		270A35EE2B59F1DA00B9AEB6 /* PBXContainerItemProxy */ = {
			isa = PBXContainerItemProxy;
			containerPortal = 270A35CB2B59F1D800B9AEB6 /* Project object */;
			proxyType = 1;
			remoteGlobalIDString = 270A35D22B59F1D800B9AEB6;
			remoteInfo = "hello-world-mikewang";
		};
/* End PBXContainerItemProxy section */

/* Begin PBXFileReference section */
		270A35D32B59F1D800B9AEB6 /* hello-world-mikewang.app */ = {isa = PBXFileReference; explicitFileType = wrapper.application; includeInIndex = 0; path = "hello-world-mikewang.app"; sourceTree = BUILT_PRODUCTS_DIR; };
		270A35D62B59F1D800B9AEB6 /* hello_world_mikewangApp.swift */ = {isa = PBXFileReference; lastKnownFileType = sourcecode.swift; path = hello_world_mikewangApp.swift; sourceTree = "<group>"; };
		270A35D82B59F1D800B9AEB6 /* ContentView.swift */ = {isa = PBXFileReference; lastKnownFileType = sourcecode.swift; path = ContentView.swift; sourceTree = "<group>"; };
		270A35DA2B59F1D900B9AEB6 /* Assets.xcassets */ = {isa = PBXFileReference; lastKnownFileType = folder.assetcatalog; path = Assets.xcassets; sourceTree = "<group>"; };
		270A35DD2B59F1D900B9AEB6 /* Preview Assets.xcassets */ = {isa = PBXFileReference; lastKnownFileType = folder.assetcatalog; path = "Preview Assets.xcassets"; sourceTree = "<group>"; };
		270A35E32B59F1DA00B9AEB6 /* hello-world-mikewangTests.xctest */ = {isa = PBXFileReference; explicitFileType = wrapper.cfbundle; includeInIndex = 0; path = "hello-world-mikewangTests.xctest"; sourceTree = BUILT_PRODUCTS_DIR; };
		270A35E72B59F1DA00B9AEB6 /* hello_world_mikewangTests.swift */ = {isa = PBXFileReference; lastKnownFileType = sourcecode.swift; path = hello_world_mikewangTests.swift; sourceTree = "<group>"; };
		270A35ED2B59F1DA00B9AEB6 /* hello-world-mikewangUITests.xctest */ = {isa = PBXFileReference; explicitFileType = wrapper.cfbundle; includeInIndex = 0; path = "hello-world-mikewangUITests.xctest"; sourceTree = BUILT_PRODUCTS_DIR; };
		270A35F12B59F1DA00B9AEB6 /* hello_world_mikewangUITests.swift */ = {isa = PBXFileReference; lastKnownFileType = sourcecode.swift; path = hello_world_mikewangUITests.swift; sourceTree = "<group>"; };
		270A35F32B59F1DA00B9AEB6 /* hello_world_mikewangUITestsLaunchTests.swift */ = {isa = PBXFileReference; lastKnownFileType = sourcecode.swift; path = hello_world_mikewangUITestsLaunchTests.swift; sourceTree = "<group>"; };
/* End PBXFileReference section */

/* Begin PBXFrameworksBuildPhase section */
		270A35D02B59F1D800B9AEB6 /* Frameworks */ = {
			isa = PBXFrameworksBuildPhase;
			buildActionMask = 2147483647;
			files = (
			);
			runOnlyForDeploymentPostprocessing = 0;
		};
		270A35E02B59F1DA00B9AEB6 /* Frameworks */ = {
			isa = PBXFrameworksBuildPhase;
			buildActionMask = 2147483647;
			files = (
			);
			runOnlyForDeploymentPostprocessing = 0;
		};
		270A35EA2B59F1DA00B9AEB6 /* Frameworks */ = {
			isa = PBXFrameworksBuildPhase;
			buildActionMask = 2147483647;
			files = (
			);
			runOnlyForDeploymentPostprocessing = 0;
		};
/* End PBXFrameworksBuildPhase section */

/* Begin PBXGroup section */
		270A35CA2B59F1D800B9AEB6 = {
			isa = PBXGroup;
			children = (
				270A35D52B59F1D800B9AEB6 /* hello-world-mikewang */,
				270A35E62B59F1DA00B9AEB6 /* hello-world-mikewangTests */,
				270A35F02B59F1DA00B9AEB6 /* hello-world-mikewangUITests */,
				270A35D42B59F1D800B9AEB6 /* Products */,
			);
			sourceTree = "<group>";
		};
		270A35D42B59F1D800B9AEB6 /* Products */ = {
			isa = PBXGroup;
			children = (
				270A35D32B59F1D800B9AEB6 /* hello-world-mikewang.app */,
				270A35E32B59F1DA00B9AEB6 /* hello-world-mikewangTests.xctest */,
				270A35ED2B59F1DA00B9AEB6 /* hello-world-mikewangUITests.xctest */,
			);
			name = Products;
			sourceTree = "<group>";
		};
		270A35D52B59F1D800B9AEB6 /* hello-world-mikewang */ = {
			isa = PBXGroup;
			children = (
				270A35D62B59F1D800B9AEB6 /* hello_world_mikewangApp.swift */,
				270A35D82B59F1D800B9AEB6 /* ContentView.swift */,
				270A35DA2B59F1D900B9AEB6 /* Assets.xcassets */,
				270A35DC2B59F1D900B9AEB6 /* Preview Content */,
			);
			path = "hello-world-mikewang";
			sourceTree = "<group>";
		};
		270A35DC2B59F1D900B9AEB6 /* Preview Content */ = {
			isa = PBXGroup;
			children = (
				270A35DD2B59F1D900B9AEB6 /* Preview Assets.xcassets */,
			);
			path = "Preview Content";
			sourceTree = "<group>";
		};
		270A35E62B59F1DA00B9AEB6 /* hello-world-mikewangTests */ = {
			isa = PBXGroup;
			children = (
				270A35E72B59F1DA00B9AEB6 /* hello_world_mikewangTests.swift */,
			);
			path = "hello-world-mikewangTests";
			sourceTree = "<group>";
		};
		270A35F02B59F1DA00B9AEB6 /* hello-world-mikewangUITests */ = {
			isa = PBXGroup;
			children = (
				270A35F12B59F1DA00B9AEB6 /* hello_world_mikewangUITests.swift */,
				270A35F32B59F1DA00B9AEB6 /* hello_world_mikewangUITestsLaunchTests.swift */,
			);
			path = "hello-world-mikewangUITests";
			sourceTree = "<group>";
		};
/* End PBXGroup section */

/* Begin PBXNativeTarget section */
		270A35D22B59F1D800B9AEB6 /* hello-world-mikewang */ = {
			isa = PBXNativeTarget;
			buildConfigurationList = 270A35F72B59F1DA00B9AEB6 /* Build configuration list for PBXNativeTarget "hello-world-mikewang" */;
			buildPhases = (
				270A35CF2B59F1D800B9AEB6 /* Sources */,
				270A35D02B59F1D800B9AEB6 /* Frameworks */,
				270A35D12B59F1D800B9AEB6 /* Resources */,
			);
			buildRules = (
			);
			dependencies = (
			);
			name = "hello-world-mikewang";
			productName = "hello-world-mikewang";
			productReference = 270A35D32B59F1D800B9AEB6 /* hello-world-mikewang.app */;
			productType = "com.apple.product-type.application";
		};
		270A35E22B59F1DA00B9AEB6 /* hello-world-mikewangTests */ = {
			isa = PBXNativeTarget;
			buildConfigurationList = 270A35FA2B59F1DA00B9AEB6 /* Build configuration list for PBXNativeTarget "hello-world-mikewangTests" */;
			buildPhases = (
				270A35DF2B59F1DA00B9AEB6 /* Sources */,
				270A35E02B59F1DA00B9AEB6 /* Frameworks */,
				270A35E12B59F1DA00B9AEB6 /* Resources */,
			);
			buildRules = (
			);
			dependencies = (
				270A35E52B59F1DA00B9AEB6 /* PBXTargetDependency */,
			);
			name = "hello-world-mikewangTests";
			productName = "hello-world-mikewangTests";
			productReference = 270A35E32B59F1DA00B9AEB6 /* hello-world-mikewangTests.xctest */;
			productType = "com.apple.product-type.bundle.unit-test";
		};
		270A35EC2B59F1DA00B9AEB6 /* hello-world-mikewangUITests */ = {
			isa = PBXNativeTarget;
			buildConfigurationList = 270A35FD2B59F1DA00B9AEB6 /* Build configuration list for PBXNativeTarget "hello-world-mikewangUITests" */;
			buildPhases = (
				270A35E92B59F1DA00B9AEB6 /* Sources */,
				270A35EA2B59F1DA00B9AEB6 /* Frameworks */,
				270A35EB2B59F1DA00B9AEB6 /* Resources */,
			);
			buildRules = (
			);
			dependencies = (
				270A35EF2B59F1DA00B9AEB6 /* PBXTargetDependency */,
			);
			name = "hello-world-mikewangUITests";
			productName = "hello-world-mikewangUITests";
			productReference = 270A35ED2B59F1DA00B9AEB6 /* hello-world-mikewangUITests.xctest */;
			productType = "com.apple.product-type.bundle.ui-testing";
		};
/* End PBXNativeTarget section */

/* Begin PBXProject section */
		270A35CB2B59F1D800B9AEB6 /* Project object */ = {
			isa = PBXProject;
			attributes = {
				BuildIndependentTargetsInParallel = 1;
				LastSwiftUpdateCheck = 1520;
				LastUpgradeCheck = 1520;
				TargetAttributes = {
					270A35D22B59F1D800B9AEB6 = {
						CreatedOnToolsVersion = 15.2;
					};
					270A35E22B59F1DA00B9AEB6 = {
						CreatedOnToolsVersion = 15.2;
						TestTargetID = 270A35D22B59F1D800B9AEB6;
					};
					270A35EC2B59F1DA00B9AEB6 = {
						CreatedOnToolsVersion = 15.2;
						TestTargetID = 270A35D22B59F1D800B9AEB6;
					};
				};
			};
			buildConfigurationList = 270A35CE2B59F1D800B9AEB6 /* Build configuration list for PBXProject "hello-world-mikewang" */;
			compatibilityVersion = "Xcode 14.0";
			developmentRegion = en;
			hasScannedForEncodings = 0;
			knownRegions = (
				en,
				Base,
			);
			mainGroup = 270A35CA2B59F1D800B9AEB6;
			productRefGroup = 270A35D42B59F1D800B9AEB6 /* Products */;
			projectDirPath = "";
			projectRoot = "";
			targets = (
				270A35D22B59F1D800B9AEB6 /* hello-world-mikewang */,
				270A35E22B59F1DA00B9AEB6 /* hello-world-mikewangTests */,
				270A35EC2B59F1DA00B9AEB6 /* hello-world-mikewangUITests */,
			);
		};
/* End PBXProject section */

/* Begin PBXResourcesBuildPhase section */
		270A35D12B59F1D800B9AEB6 /* Resources */ = {
			isa = PBXResourcesBuildPhase;
			buildActionMask = 2147483647;
			files = (
				270A35DE2B59F1D900B9AEB6 /* Preview Assets.xcassets in Resources */,
				270A35DB2B59F1D900B9AEB6 /* Assets.xcassets in Resources */,
			);
			runOnlyForDeploymentPostprocessing = 0;
		};
		270A35E12B59F1DA00B9AEB6 /* Resources */ = {
			isa = PBXResourcesBuildPhase;
			buildActionMask = 2147483647;
			files = (
			);
			runOnlyForDeploymentPostprocessing = 0;
		};
		270A35EB2B59F1DA00B9AEB6 /* Resources */ = {
			isa = PBXResourcesBuildPhase;
			buildActionMask = 2147483647;
			files = (
			);
			runOnlyForDeploymentPostprocessing = 0;
		};
/* End PBXResourcesBuildPhase section */

/* Begin PBXSourcesBuildPhase section */
		270A35CF2B59F1D800B9AEB6 /* Sources */ = {
			isa = PBXSourcesBuildPhase;
			buildActionMask = 2147483647;
			files = (
				270A35D92B59F1D800B9AEB6 /* ContentView.swift in Sources */,
				270A35D72B59F1D800B9AEB6 /* hello_world_mikewangApp.swift in Sources */,
			);
			runOnlyForDeploymentPostprocessing = 0;
		};
		270A35DF2B59F1DA00B9AEB6 /* Sources */ = {
			isa = PBXSourcesBuildPhase;
			buildActionMask = 2147483647;
			files = (
				270A35E82B59F1DA00B9AEB6 /* hello_world_mikewangTests.swift in Sources */,
			);
			runOnlyForDeploymentPostprocessing = 0;
		};
		270A35E92B59F1DA00B9AEB6 /* Sources */ = {
			isa = PBXSourcesBuildPhase;
			buildActionMask = 2147483647;
			files = (
				270A35F22B59F1DA00B9AEB6 /* hello_world_mikewangUITests.swift in Sources */,
				270A35F42B59F1DA00B9AEB6 /* hello_world_mikewangUITestsLaunchTests.swift in Sources */,
			);
			runOnlyForDeploymentPostprocessing = 0;
		};
/* End PBXSourcesBuildPhase section */

/* Begin PBXTargetDependency section */
		270A35E52B59F1DA00B9AEB6 /* PBXTargetDependency */ = {
			isa = PBXTargetDependency;
			target = 270A35D22B59F1D800B9AEB6 /* hello-world-mikewang */;
			targetProxy = 270A35E42B59F1DA00B9AEB6 /* PBXContainerItemProxy */;
		};
		270A35EF2B59F1DA00B9AEB6 /* PBXTargetDependency */ = {
			isa = PBXTargetDependency;
			target = 270A35D22B59F1D800B9AEB6 /* hello-world-mikewang */;
			targetProxy = 270A35EE2B59F1DA00B9AEB6 /* PBXContainerItemProxy */;
		};
/* End PBXTargetDependency section */

/* Begin XCBuildConfiguration section */
		270A35F52B59F1DA00B9AEB6 /* Debug */ = {
			isa = XCBuildConfiguration;
			buildSettings = {
				ALWAYS_SEARCH_USER_PATHS = NO;
				ASSETCATALOG_COMPILER_GENERATE_SWIFT_ASSET_SYMBOL_EXTENSIONS = YES;
				CLANG_ANALYZER_NONNULL = YES;
				CLANG_ANALYZER_NUMBER_OBJECT_CONVERSION = YES_AGGRESSIVE;
				CLANG_CXX_LANGUAGE_STANDARD = "gnu++20";
				CLANG_ENABLE_MODULES = YES;
				CLANG_ENABLE_OBJC_ARC = YES;
				CLANG_ENABLE_OBJC_WEAK = YES;
				CLANG_WARN_BLOCK_CAPTURE_AUTORELEASING = YES;
				CLANG_WARN_BOOL_CONVERSION = YES;
				CLANG_WARN_COMMA = YES;
				CLANG_WARN_CONSTANT_CONVERSION = YES;
				CLANG_WARN_DEPRECATED_OBJC_IMPLEMENTATIONS = YES;
				CLANG_WARN_DIRECT_OBJC_ISA_USAGE = YES_ERROR;
				CLANG_WARN_DOCUMENTATION_COMMENTS = YES;
				CLANG_WARN_EMPTY_BODY = YES;
				CLANG_WARN_ENUM_CONVERSION = YES;
				CLANG_WARN_INFINITE_RECURSION = YES;
				CLANG_WARN_INT_CONVERSION = YES;
				CLANG_WARN_NON_LITERAL_NULL_CONVERSION = YES;
				CLANG_WARN_OBJC_IMPLICIT_RETAIN_SELF = YES;
				CLANG_WARN_OBJC_LITERAL_CONVERSION = YES;
				CLANG_WARN_OBJC_ROOT_CLASS = YES_ERROR;
				CLANG_WARN_QUOTED_INCLUDE_IN_FRAMEWORK_HEADER = YES;
				CLANG_WARN_RANGE_LOOP_ANALYSIS = YES;
				CLANG_WARN_STRICT_PROTOTYPES = YES;
				CLANG_WARN_SUSPICIOUS_MOVE = YES;
				CLANG_WARN_UNGUARDED_AVAILABILITY = YES_AGGRESSIVE;
				CLANG_WARN_UNREACHABLE_CODE = YES;
				CLANG_WARN__DUPLICATE_METHOD_MATCH = YES;
				COPY_PHASE_STRIP = NO;
				DEBUG_INFORMATION_FORMAT = dwarf;
				ENABLE_STRICT_OBJC_MSGSEND = YES;
				ENABLE_TESTABILITY = YES;
				ENABLE_USER_SCRIPT_SANDBOXING = YES;
				GCC_C_LANGUAGE_STANDARD = gnu17;
				GCC_DYNAMIC_NO_PIC = NO;
				GCC_NO_COMMON_BLOCKS = YES;
				GCC_OPTIMIZATION_LEVEL = 0;
				GCC_PREPROCESSOR_DEFINITIONS = (
					"DEBUG=1",
					"$(inherited)",
				);
				GCC_WARN_64_TO_32_BIT_CONVERSION = YES;
				GCC_WARN_ABOUT_RETURN_TYPE = YES_ERROR;
				GCC_WARN_UNDECLARED_SELECTOR = YES;
				GCC_WARN_UNINITIALIZED_AUTOS = YES_AGGRESSIVE;
				GCC_WARN_UNUSED_FUNCTION = YES;
				GCC_WARN_UNUSED_VARIABLE = YES;
				IPHONEOS_DEPLOYMENT_TARGET = 17.2;
				LOCALIZATION_PREFERS_STRING_CATALOGS = YES;
				MTL_ENABLE_DEBUG_INFO = INCLUDE_SOURCE;
				MTL_FAST_MATH = YES;
				ONLY_ACTIVE_ARCH = YES;
				SDKROOT = iphoneos;
				SWIFT_ACTIVE_COMPILATION_CONDITIONS = "DEBUG $(inherited)";
				SWIFT_OPTIMIZATION_LEVEL = "-Onone";
			};
			name = Debug;
		};
		270A35F62B59F1DA00B9AEB6 /* Release */ = {
			isa = XCBuildConfiguration;
			buildSettings = {
				ALWAYS_SEARCH_USER_PATHS = NO;
				ASSETCATALOG_COMPILER_GENERATE_SWIFT_ASSET_SYMBOL_EXTENSIONS = YES;
				CLANG_ANALYZER_NONNULL = YES;
				CLANG_ANALYZER_NUMBER_OBJECT_CONVERSION = YES_AGGRESSIVE;
				CLANG_CXX_LANGUAGE_STANDARD = "gnu++20";
				CLANG_ENABLE_MODULES = YES;
				CLANG_ENABLE_OBJC_ARC = YES;
				CLANG_ENABLE_OBJC_WEAK = YES;
				CLANG_WARN_BLOCK_CAPTURE_AUTORELEASING = YES;
				CLANG_WARN_BOOL_CONVERSION = YES;
				CLANG_WARN_COMMA = YES;
				CLANG_WARN_CONSTANT_CONVERSION = YES;
				CLANG_WARN_DEPRECATED_OBJC_IMPLEMENTATIONS = YES;
				CLANG_WARN_DIRECT_OBJC_ISA_USAGE = YES_ERROR;
				CLANG_WARN_DOCUMENTATION_COMMENTS = YES;
				CLANG_WARN_EMPTY_BODY = YES;
				CLANG_WARN_ENUM_CONVERSION = YES;
				CLANG_WARN_INFINITE_RECURSION = YES;
				CLANG_WARN_INT_CONVERSION = YES;
				CLANG_WARN_NON_LITERAL_NULL_CONVERSION = YES;
				CLANG_WARN_OBJC_IMPLICIT_RETAIN_SELF = YES;
				CLANG_WARN_OBJC_LITERAL_CONVERSION = YES;
				CLANG_WARN_OBJC_ROOT_CLASS = YES_ERROR;
				CLANG_WARN_QUOTED_INCLUDE_IN_FRAMEWORK_HEADER = YES;
				CLANG_WARN_RANGE_LOOP_ANALYSIS = YES;
				CLANG_WARN_STRICT_PROTOTYPES = YES;
				CLANG_WARN_SUSPICIOUS_MOVE = YES;
				CLANG_WARN_UNGUARDED_AVAILABILITY = YES_AGGRESSIVE;
				CLANG_WARN_UNREACHABLE_CODE = YES;
				CLANG_WARN__DUPLICATE_METHOD_MATCH = YES;
				COPY_PHASE_STRIP = NO;
				DEBUG_INFORMATION_FORMAT = "dwarf-with-dsym";
				ENABLE_NS_ASSERTIONS = NO;
				ENABLE_STRICT_OBJC_MSGSEND = YES;
				ENABLE_USER_SCRIPT_SANDBOXING = YES;
				GCC_C_LANGUAGE_STANDARD = gnu17;
				GCC_NO_COMMON_BLOCKS = YES;
				GCC_WARN_64_TO_32_BIT_CONVERSION = YES;
				GCC_WARN_ABOUT_RETURN_TYPE = YES_ERROR;
				GCC_WARN_UNDECLARED_SELECTOR = YES;
				GCC_WARN_UNINITIALIZED_AUTOS = YES_AGGRESSIVE;
				GCC_WARN_UNUSED_FUNCTION = YES;
				GCC_WARN_UNUSED_VARIABLE = YES;
				IPHONEOS_DEPLOYMENT_TARGET = 17.2;
				LOCALIZATION_PREFERS_STRING_CATALOGS = YES;
				MTL_ENABLE_DEBUG_INFO = NO;
				MTL_FAST_MATH = YES;
				SDKROOT = iphoneos;
				SWIFT_COMPILATION_MODE = wholemodule;
				VALIDATE_PRODUCT = YES;
			};
			name = Release;
		};
		270A35F82B59F1DA00B9AEB6 /* Debug */ = {
			isa = XCBuildConfiguration;
			buildSettings = {
				ASSETCATALOG_COMPILER_APPICON_NAME = AppIcon;
				ASSETCATALOG_COMPILER_GLOBAL_ACCENT_COLOR_NAME = AccentColor;
				CODE_SIGN_STYLE = Automatic;
				CURRENT_PROJECT_VERSION = 1;
				DEVELOPMENT_ASSET_PATHS = "\"hello-world-mikewang/Preview Content\"";
				ENABLE_PREVIEWS = YES;
				GENERATE_INFOPLIST_FILE = YES;
				INFOPLIST_KEY_UIApplicationSceneManifest_Generation = YES;
				INFOPLIST_KEY_UIApplicationSupportsIndirectInputEvents = YES;
				INFOPLIST_KEY_UILaunchScreen_Generation = YES;
				INFOPLIST_KEY_UISupportedInterfaceOrientations_iPad = "UIInterfaceOrientationPortrait UIInterfaceOrientationPortraitUpsideDown UIInterfaceOrientationLandscapeLeft UIInterfaceOrientationLandscapeRight";
				INFOPLIST_KEY_UISupportedInterfaceOrientations_iPhone = "UIInterfaceOrientationPortrait UIInterfaceOrientationLandscapeLeft UIInterfaceOrientationLandscapeRight";
				LD_RUNPATH_SEARCH_PATHS = (
					"$(inherited)",
					"@executable_path/Frameworks",
				);
				MARKETING_VERSION = 1.0;
				PRODUCT_BUNDLE_IDENTIFIER = "com.hello-world-mikewang";
				PRODUCT_NAME = "$(TARGET_NAME)";
				SWIFT_EMIT_LOC_STRINGS = YES;
				SWIFT_VERSION = 5.0;
				TARGETED_DEVICE_FAMILY = "1,2";
			};
			name = Debug;
		};
		270A35F92B59F1DA00B9AEB6 /* Release */ = {
			isa = XCBuildConfiguration;
			buildSettings = {
				ASSETCATALOG_COMPILER_APPICON_NAME = AppIcon;
				ASSETCATALOG_COMPILER_GLOBAL_ACCENT_COLOR_NAME = AccentColor;
				CODE_SIGN_STYLE = Automatic;
				CURRENT_PROJECT_VERSION = 1;
				DEVELOPMENT_ASSET_PATHS = "\"hello-world-mikewang/Preview Content\"";
				ENABLE_PREVIEWS = YES;
				GENERATE_INFOPLIST_FILE = YES;
				INFOPLIST_KEY_UIApplicationSceneManifest_Generation = YES;
				INFOPLIST_KEY_UIApplicationSupportsIndirectInputEvents = YES;
				INFOPLIST_KEY_UILaunchScreen_Generation = YES;
				INFOPLIST_KEY_UISupportedInterfaceOrientations_iPad = "UIInterfaceOrientationPortrait UIInterfaceOrientationPortraitUpsideDown UIInterfaceOrientationLandscapeLeft UIInterfaceOrientationLandscapeRight";
				INFOPLIST_KEY_UISupportedInterfaceOrientations_iPhone = "UIInterfaceOrientationPortrait UIInterfaceOrientationLandscapeLeft UIInterfaceOrientationLandscapeRight";
				LD_RUNPATH_SEARCH_PATHS = (
					"$(inherited)",
					"@executable_path/Frameworks",
				);
				MARKETING_VERSION = 1.0;
				PRODUCT_BUNDLE_IDENTIFIER = "com.hello-world-mikewang";
				PRODUCT_NAME = "$(TARGET_NAME)";
				SWIFT_EMIT_LOC_STRINGS = YES;
				SWIFT_VERSION = 5.0;
				TARGETED_DEVICE_FAMILY = "1,2";
			};
			name = Release;
		};
		270A35FB2B59F1DA00B9AEB6 /* Debug */ = {
			isa = XCBuildConfiguration;
			buildSettings = {
				ALWAYS_EMBED_SWIFT_STANDARD_LIBRARIES = YES;
				BUNDLE_LOADER = "$(TEST_HOST)";
				CODE_SIGN_STYLE = Automatic;
				CURRENT_PROJECT_VERSION = 1;
				GENERATE_INFOPLIST_FILE = YES;
				IPHONEOS_DEPLOYMENT_TARGET = 17.2;
				MARKETING_VERSION = 1.0;
				PRODUCT_BUNDLE_IDENTIFIER = "com.hello-world-mikewangTests";
				PRODUCT_NAME = "$(TARGET_NAME)";
				SWIFT_EMIT_LOC_STRINGS = NO;
				SWIFT_VERSION = 5.0;
				TARGETED_DEVICE_FAMILY = "1,2";
				TEST_HOST = "$(BUILT_PRODUCTS_DIR)/hello-world-mikewang.app/$(BUNDLE_EXECUTABLE_FOLDER_PATH)/hello-world-mikewang";
			};
			name = Debug;
		};
		270A35FC2B59F1DA00B9AEB6 /* Release */ = {
			isa = XCBuildConfiguration;
			buildSettings = {
				ALWAYS_EMBED_SWIFT_STANDARD_LIBRARIES = YES;
				BUNDLE_LOADER = "$(TEST_HOST)";
				CODE_SIGN_STYLE = Automatic;
				CURRENT_PROJECT_VERSION = 1;
				GENERATE_INFOPLIST_FILE = YES;
				IPHONEOS_DEPLOYMENT_TARGET = 17.2;
				MARKETING_VERSION = 1.0;
				PRODUCT_BUNDLE_IDENTIFIER = "com.hello-world-mikewangTests";
				PRODUCT_NAME = "$(TARGET_NAME)";
				SWIFT_EMIT_LOC_STRINGS = NO;
				SWIFT_VERSION = 5.0;
				TARGETED_DEVICE_FAMILY = "1,2";
				TEST_HOST = "$(BUILT_PRODUCTS_DIR)/hello-world-mikewang.app/$(BUNDLE_EXECUTABLE_FOLDER_PATH)/hello-world-mikewang";
			};
			name = Release;
		};
		270A35FE2B59F1DA00B9AEB6 /* Debug */ = {
			isa = XCBuildConfiguration;
			buildSettings = {
				ALWAYS_EMBED_SWIFT_STANDARD_LIBRARIES = YES;
				CODE_SIGN_STYLE = Automatic;
				CURRENT_PROJECT_VERSION = 1;
				GENERATE_INFOPLIST_FILE = YES;
				MARKETING_VERSION = 1.0;
				PRODUCT_BUNDLE_IDENTIFIER = "com.hello-world-mikewangUITests";
				PRODUCT_NAME = "$(TARGET_NAME)";
				SWIFT_EMIT_LOC_STRINGS = NO;
				SWIFT_VERSION = 5.0;
				TARGETED_DEVICE_FAMILY = "1,2";
				TEST_TARGET_NAME = "hello-world-mikewang";
			};
			name = Debug;
		};
		270A35FF2B59F1DA00B9AEB6 /* Release */ = {
			isa = XCBuildConfiguration;
			buildSettings = {
				ALWAYS_EMBED_SWIFT_STANDARD_LIBRARIES = YES;
				CODE_SIGN_STYLE = Automatic;
				CURRENT_PROJECT_VERSION = 1;
				GENERATE_INFOPLIST_FILE = YES;
				MARKETING_VERSION = 1.0;
				PRODUCT_BUNDLE_IDENTIFIER = "com.hello-world-mikewangUITests";
				PRODUCT_NAME = "$(TARGET_NAME)";
				SWIFT_EMIT_LOC_STRINGS = NO;
				SWIFT_VERSION = 5.0;
				TARGETED_DEVICE_FAMILY = "1,2";
				TEST_TARGET_NAME = "hello-world-mikewang";
			};
			name = Release;
		};
/* End XCBuildConfiguration section */

/* Begin XCConfigurationList section */
		270A35CE2B59F1D800B9AEB6 /* Build configuration list for PBXProject "hello-world-mikewang" */ = {
			isa = XCConfigurationList;
			buildConfigurations = (
				270A35F52B59F1DA00B9AEB6 /* Debug */,
				270A35F62B59F1DA00B9AEB6 /* Release */,
			);
			defaultConfigurationIsVisible = 0;
			defaultConfigurationName = Release;
		};
		270A35F72B59F1DA00B9AEB6 /* Build configuration list for PBXNativeTarget "hello-world-mikewang" */ = {
			isa = XCConfigurationList;
			buildConfigurations = (
				270A35F82B59F1DA00B9AEB6 /* Debug */,
				270A35F92B59F1DA00B9AEB6 /* Release */,
			);
			defaultConfigurationIsVisible = 0;
			defaultConfigurationName = Release;
		};
		270A35FA2B59F1DA00B9AEB6 /* Build configuration list for PBXNativeTarget "hello-world-mikewangTests" */ = {
			isa = XCConfigurationList;
			buildConfigurations = (
				270A35FB2B59F1DA00B9AEB6 /* Debug */,
				270A35FC2B59F1DA00B9AEB6 /* Release */,
			);
			defaultConfigurationIsVisible = 0;
			defaultConfigurationName = Release;
		};
		270A35FD2B59F1DA00B9AEB6 /* Build configuration list for PBXNativeTarget "hello-world-mikewangUITests" */ = {
			isa = XCConfigurationList;
			buildConfigurations = (
				270A35FE2B59F1DA00B9AEB6 /* Debug */,
				270A35FF2B59F1DA00B9AEB6 /* Release */,
			);
			defaultConfigurationIsVisible = 0;
			defaultConfigurationName = Release;
		};
/* End XCConfigurationList section */
	};
	rootObject = 270A35CB2B59F1D800B9AEB6 /* Project object */;
}
